# This file is generated by running "yarn install" inside your project.
# Manual changes might be lost - proceed with caution!

__metadata:
  version: 9
  cacheKey: 10

"@altano/repository-tools@npm:^2.0.1":
  version: 2.0.3
  resolution: "@altano/repository-tools@npm:2.0.3"
  checksum: 10/4028dfacb587de2741686ed98fd9e9711f509dd063280eadb21697e7881bb088212a57a80ec40eb948408bfdc409b0f6a98119f9ea35ff9d13e6740eb32b53b2
  languageName: node
  linkType: hard

"@emnapi/core@npm:1.10.0":
  version: 1.10.0
  resolution: "@emnapi/core@npm:1.10.0"
  dependencies:
    "@emnapi/wasi-threads": "npm:1.2.1"
    tslib: "npm:^2.4.0"
  checksum: 10/d32f386084e64deaf2609aabb8295d1ad5af6144d0f46d2060b76cc53f1f3b486df54bec9b0f33c37d85a3822e1193ebcd4e3deb4a5f0e4cd650aa2ffc631715
  languageName: node
  linkType: hard

"@emnapi/runtime@npm:1.10.0":
  version: 1.10.0
  resolution: "@emnapi/runtime@npm:1.10.0"
  dependencies:
    tslib: "npm:^2.4.0"
  checksum: 10/d21083d07fa0c2da171c142e78ef986b66b07d45b06accc0bcaf49fcc61bb4dbc10e1c1760813070165b9f49b054376a931045347f21c0f42ff1eb2d2040faac
  languageName: node
  linkType: hard

"@emnapi/wasi-threads@npm:1.2.1":
  version: 1.2.1
  resolution: "@emnapi/wasi-threads@npm:1.2.1"
  dependencies:
    tslib: "npm:^2.4.0"
  checksum: 10/57cd4292be81c05d26aa886d68a9e4c449ff666e8503fed6463dfc6b64a4e4213f03c152d53296b7cda32840271e38cd33347332070658f01befeb9bf4e59f36
  languageName: node
  linkType: hard

"@eslint-community/eslint-utils@npm:^4.1.2, @eslint-community/eslint-utils@npm:^4.4.0, @eslint-community/eslint-utils@npm:^4.5.0, @eslint-community/eslint-utils@npm:^4.9.1":
  version: 4.9.1
  resolution: "@eslint-community/eslint-utils@npm:4.9.1"
  dependencies:
    eslint-visitor-keys: "npm:^3.4.3"
  peerDependencies:
    eslint: ^6.0.0 || ^7.0.0 || >=8.0.0
  checksum: 10/863b5467868551c9ae34d03eefe634633d08f623fc7b19d860f8f26eb6f303c1a5934253124163bee96181e45ed22bf27473dccc295937c3078493a4a8c9eddd
  languageName: node
  linkType: hard

"@eslint-community/regexpp@npm:^4.11.0, @eslint-community/regexpp@npm:^4.12.2, @eslint-community/regexpp@npm:^4.8.0":
  version: 4.12.2
  resolution: "@eslint-community/regexpp@npm:4.12.2"
  checksum: 10/049b280fddf71dd325514e0a520024969431dc3a8b02fa77476e6820e9122f28ab4c9168c11821f91a27982d2453bcd7a66193356ea84e84fb7c8d793be1ba0c
  languageName: node
  linkType: hard

"@eslint/js@npm:^10.0.1":
  version: 10.0.1
  resolution: "@eslint/js@npm:10.0.1"
  peerDependencies:
    eslint: ^10.0.0
  peerDependenciesMeta:
    eslint:
      optional: true
  checksum: 10/27ff77b8f0aab350b2f7a69d974eabb816bb9f4cab986b1538782269d6bfdc29e351803fa7a62c22c0b786341324f1a28b86bc83956ddfa189aa6bead1a87758
  languageName: node
  linkType: hard

"@napi-rs/wasm-runtime@npm:^1.1.4":
  version: 1.1.4
  resolution: "@napi-rs/wasm-runtime@npm:1.1.4"
  dependencies:
    "@tybys/wasm-util": "npm:^0.10.1"
  peerDependencies:
    "@emnapi/core": ^1.7.1
    "@emnapi/runtime": ^1.7.1
  checksum: 10/1db3dc7eeb981306b09360487bd8ce4dfa5588d273bd8ea9f07dccca1b4ade57b675414180fc9bb66966c6c50b17208b0263194993e2f7f92cc7af28bda4d1af
  languageName: node
  linkType: hard

"@package-json/types@npm:^0.0.12":
  version: 0.0.12
  resolution: "@package-json/types@npm:0.0.12"
  checksum: 10/435d921b3ccc817ebe282c6eaac50282691d3be4dafb461d01c03b89fb89cda14ba7b5e20d01503bc1996ab93f98ae8e71601c3be7119b4ea76193b550523fcd
  languageName: node
  linkType: hard

"@tybys/wasm-util@npm:^0.10.1":
  version: 0.10.2
  resolution: "@tybys/wasm-util@npm:0.10.2"
  dependencies:
    tslib: "npm:^2.4.0"
  checksum: 10/d12f1dafe12d7a573c406b35ffef0038042b9cc9fbcc74d657267eb635499b956276afc05eebdbd81bea582e1c4c921421a1dd7243a93daaa8c8216b19395c23
  languageName: node
  linkType: hard

"@typescript-eslint/eslint-plugin@npm:8.59.4":
  version: 8.59.4
  resolution: "@typescript-eslint/eslint-plugin@npm:8.59.4"
  dependencies:
    "@eslint-community/regexpp": "npm:^4.12.2"
    "@typescript-eslint/scope-manager": "npm:8.59.4"
    "@typescript-eslint/type-utils": "npm:8.59.4"
    "@typescript-eslint/utils": "npm:8.59.4"
    "@typescript-eslint/visitor-keys": "npm:8.59.4"
    ignore: "npm:^7.0.5"
    natural-compare: "npm:^1.4.0"
    ts-api-utils: "npm:^2.5.0"
  peerDependencies:
    "@typescript-eslint/parser": ^8.59.4
    eslint: ^8.57.0 || ^9.0.0 || ^10.0.0
    typescript: ">=4.8.4 <6.1.0"
  checksum: 10/75348fdfc5a69bf9837c7ee3a5997bd7e9176eee00682735e46e199e5b67e4748440dd23c65677860a6caaa1c05b67cfafa57a8623da65a17c2832e322f6b7c4
  languageName: node
  linkType: hard

"@typescript-eslint/parser@npm:8.59.4":
  version: 8.59.4
  resolution: "@typescript-eslint/parser@npm:8.59.4"
  dependencies:
    "@typescript-eslint/scope-manager": "npm:8.59.4"
    "@typescript-eslint/types": "npm:8.59.4"
    "@typescript-eslint/typescript-estree": "npm:8.59.4"
    "@typescript-eslint/visitor-keys": "npm:8.59.4"
    debug: "npm:^4.4.3"
  peerDependencies:
    eslint: ^8.57.0 || ^9.0.0 || ^10.0.0
    typescript: ">=4.8.4 <6.1.0"
  checksum: 10/6d07a206cac1aa168f9973ac41c3c3a05d7d391a5fa720b4adab5f7c278b62806269ed4e48fcb5706d87213d64bb25f040c9df4824162f8eabb180bee9a2fc23
  languageName: node
  linkType: hard

"@typescript-eslint/project-service@npm:8.59.4":
  version: 8.59.4
  resolution: "@typescript-eslint/project-service@npm:8.59.4"
  dependencies:
    "@typescript-eslint/tsconfig-utils": "npm:^8.59.4"
    "@typescript-eslint/types": "npm:^8.59.4"
    debug: "npm:^4.4.3"
  peerDependencies:
    typescript: ">=4.8.4 <6.1.0"
  checksum: 10/abd5ac32f8792c9bdabdb510d7ba9f708c7760994f3d4a2c741ecf5baecccf7a111e9706eb46a28a3678998671cdc9912f4e8f2423e091bbaea2b6836e07c14d
  languageName: node
  linkType: hard

"@typescript-eslint/scope-manager@npm:8.59.4":
  version: 8.59.4
  resolution: "@typescript-eslint/scope-manager@npm:8.59.4"
  dependencies:
    "@typescript-eslint/types": "npm:8.59.4"
    "@typescript-eslint/visitor-keys": "npm:8.59.4"
  checksum: 10/945a3498a61e27109ef78fa41fbf6ebca76dcc75c4595019bbc131892658b8204e9872239d4a1347fec2b3ca3c3e26460edabf7941cf727e9a35105d6f383c5d
  languageName: node
  linkType: hard

"@typescript-eslint/tsconfig-utils@npm:8.59.4, @typescript-eslint/tsconfig-utils@npm:^8.59.4":
  version: 8.59.4
  resolution: "@typescript-eslint/tsconfig-utils@npm:8.59.4"
  peerDependencies:
    typescript: ">=4.8.4 <6.1.0"
  checksum: 10/c74a356e67f17aa2b61bffbe145548a5b37e6db34077922fb74c5f07393cd3a1ef28742f9a3e3acc53ac0e95c8af6e959bdf44988e036d634492d79a9dd219b1
  languageName: node
  linkType: hard

"@typescript-eslint/type-utils@npm:8.59.4":
  version: 8.59.4
  resolution: "@typescript-eslint/type-utils@npm:8.59.4"
  dependencies:
    "@typescript-eslint/types": "npm:8.59.4"
    "@typescript-eslint/typescript-estree": "npm:8.59.4"
    "@typescript-eslint/utils": "npm:8.59.4"
    debug: "npm:^4.4.3"
    ts-api-utils: "npm:^2.5.0"
  peerDependencies:
    eslint: ^8.57.0 || ^9.0.0 || ^10.0.0
    typescript: ">=4.8.4 <6.1.0"
  checksum: 10/6c513a9ab5e9da3fafe165b64da73c984696e3f583ae4a5c7d188f16f9425ec488ed4aff39d8b419a742e92078fb1cb4384dce9e1efa7bb193e3aa0cdcff84c8
  languageName: node
  linkType: hard

"@typescript-eslint/types@npm:8.59.4, @typescript-eslint/types@npm:^8.56.0, @typescript-eslint/types@npm:^8.59.4":
  version: 8.59.4
  resolution: "@typescript-eslint/types@npm:8.59.4"
  checksum: 10/43e7ab668f1649dee76829a5b1eb0807b7576b39aee5b23fe10936d99536cba350ec1e377c2ea2242971435d460e28f3d3d4307357ac9f8184403573ece85ca6
  languageName: node
  linkType: hard

"@typescript-eslint/typescript-estree@npm:8.59.4":
  version: 8.59.4
  resolution: "@typescript-eslint/typescript-estree@npm:8.59.4"
  dependencies:
    "@typescript-eslint/project-service": "npm:8.59.4"
    "@typescript-eslint/tsconfig-utils": "npm:8.59.4"
    "@typescript-eslint/types": "npm:8.59.4"
    "@typescript-eslint/visitor-keys": "npm:8.59.4"
    debug: "npm:^4.4.3"
    minimatch: "npm:^10.2.2"
    semver: "npm:^7.7.3"
    tinyglobby: "npm:^0.2.15"
    ts-api-utils: "npm:^2.5.0"
  peerDependencies:
    typescript: ">=4.8.4 <6.1.0"
  checksum: 10/6ca75d11bd5e1f44ddc0cd8ef4f4833257bcb1d48b82485b55008cd6761f4dba0671754098ce5b2910432ba05f5f9247c34942f3e8de2857cb5ab0d25b866876
  languageName: node
  linkType: hard

"@typescript-eslint/utils@npm:8.59.4, @typescript-eslint/utils@npm:^8.0.0":
  version: 8.59.4
  resolution: "@typescript-eslint/utils@npm:8.59.4"
  dependencies:
    "@eslint-community/eslint-utils": "npm:^4.9.1"
    "@typescript-eslint/scope-manager": "npm:8.59.4"
    "@typescript-eslint/types": "npm:8.59.4"
    "@typescript-eslint/typescript-estree": "npm:8.59.4"
  peerDependencies:
    eslint: ^8.57.0 || ^9.0.0 || ^10.0.0
    typescript: ">=4.8.4 <6.1.0"
  checksum: 10/90d779f1af27e34df7e44f93135c08908e98c4b830329be1220d5edd0e024272f6d5a021506dae7fe6446a8bf05ccd0a5e7fb3ed36399dcf4f52959bb302c62d
  languageName: node
  linkType: hard

"@typescript-eslint/visitor-keys@npm:8.59.4":
  version: 8.59.4
  resolution: "@typescript-eslint/visitor-keys@npm:8.59.4"
  dependencies:
    "@typescript-eslint/types": "npm:8.59.4"
    eslint-visitor-keys: "npm:^5.0.0"
  checksum: 10/b620ba3a702817cc1cff6ac654ef5538be0b5076a478546c9bf42ece25bc3b08a33a4d003b9b42d10bd1041ea246f108863aceca0683b4389cf18d55dcdbee10
  languageName: node
  linkType: hard

"@unrs/resolver-binding-android-arm-eabi@npm:1.12.2":
  version: 1.12.2
  resolution: "@unrs/resolver-binding-android-arm-eabi@npm:1.12.2"
  conditions: os=android & cpu=arm
  languageName: node
  linkType: hard

"@unrs/resolver-binding-android-arm64@npm:1.12.2":
  version: 1.12.2
  resolution: "@unrs/resolver-binding-android-arm64@npm:1.12.2"
  conditions: os=android & cpu=arm64
  languageName: node
  linkType: hard

"@unrs/resolver-binding-darwin-arm64@npm:1.12.2":
  version: 1.12.2
  resolution: "@unrs/resolver-binding-darwin-arm64@npm:1.12.2"
  conditions: os=darwin & cpu=arm64
  languageName: node
  linkType: hard

"@unrs/resolver-binding-darwin-x64@npm:1.12.2":
  version: 1.12.2
  resolution: "@unrs/resolver-binding-darwin-x64@npm:1.12.2"
  conditions: os=darwin & cpu=x64
  languageName: node
  linkType: hard

"@unrs/resolver-binding-freebsd-x64@npm:1.12.2":
  version: 1.12.2
  resolution: "@unrs/resolver-binding-freebsd-x64@npm:1.12.2"
  conditions: os=freebsd & cpu=x64
  languageName: node
  linkType: hard

"@unrs/resolver-binding-linux-arm-gnueabihf@npm:1.12.2":
  version: 1.12.2
  resolution: "@unrs/resolver-binding-linux-arm-gnueabihf@npm:1.12.2"
  conditions: os=linux & cpu=arm
  languageName: node
  linkType: hard

"@unrs/resolver-binding-linux-arm-musleabihf@npm:1.12.2":
  version: 1.12.2
  resolution: "@unrs/resolver-binding-linux-arm-musleabihf@npm:1.12.2"
  conditions: os=linux & cpu=arm
  languageName: node
  linkType: hard

"@unrs/resolver-binding-linux-arm64-gnu@npm:1.12.2":
  version: 1.12.2
  resolution: "@unrs/resolver-binding-linux-arm64-gnu@npm:1.12.2"
  conditions: os=linux & cpu=arm64 & libc=glibc
  languageName: node
  linkType: hard

"@unrs/resolver-binding-linux-arm64-musl@npm:1.12.2":
  version: 1.12.2
  resolution: "@unrs/resolver-binding-linux-arm64-musl@npm:1.12.2"
  conditions: os=linux & cpu=arm64 & libc=musl
  languageName: node
  linkType: hard

"@unrs/resolver-binding-linux-loong64-gnu@npm:1.12.2":
  version: 1.12.2
  resolution: "@unrs/resolver-binding-linux-loong64-gnu@npm:1.12.2"
  conditions: os=linux & cpu=loong64 & libc=glibc
  languageName: node
  linkType: hard

"@unrs/resolver-binding-linux-loong64-musl@npm:1.12.2":
  version: 1.12.2
  resolution: "@unrs/resolver-binding-linux-loong64-musl@npm:1.12.2"
  conditions: os=linux & cpu=loong64 & libc=musl
  languageName: node
  linkType: hard

"@unrs/resolver-binding-linux-ppc64-gnu@npm:1.12.2":
  version: 1.12.2
  resolution: "@unrs/resolver-binding-linux-ppc64-gnu@npm:1.12.2"
  conditions: os=linux & cpu=ppc64 & libc=glibc
  languageName: node
  linkType: hard

"@unrs/resolver-binding-linux-riscv64-gnu@npm:1.12.2":
  version: 1.12.2
  resolution: "@unrs/resolver-binding-linux-riscv64-gnu@npm:1.12.2"
  conditions: os=linux & cpu=riscv64 & libc=glibc
  languageName: node
  linkType: hard

"@unrs/resolver-binding-linux-riscv64-musl@npm:1.12.2":
  version: 1.12.2
  resolution: "@unrs/resolver-binding-linux-riscv64-musl@npm:1.12.2"
  conditions: os=linux & cpu=riscv64 & libc=musl
  languageName: node
  linkType: hard

"@unrs/resolver-binding-linux-s390x-gnu@npm:1.12.2":
  version: 1.12.2
  resolution: "@unrs/resolver-binding-linux-s390x-gnu@npm:1.12.2"
  conditions: os=linux & cpu=s390x & libc=glibc
  languageName: node
  linkType: hard

"@unrs/resolver-binding-linux-x64-gnu@npm:1.12.2":
  version: 1.12.2
  resolution: "@unrs/resolver-binding-linux-x64-gnu@npm:1.12.2"
  conditions: os=linux & cpu=x64 & libc=glibc
  languageName: node
  linkType: hard

"@unrs/resolver-binding-linux-x64-musl@npm:1.12.2":
  version: 1.12.2
  resolution: "@unrs/resolver-binding-linux-x64-musl@npm:1.12.2"
  conditions: os=linux & cpu=x64 & libc=musl
  languageName: node
  linkType: hard

"@unrs/resolver-binding-openharmony-arm64@npm:1.12.2":
  version: 1.12.2
  resolution: "@unrs/resolver-binding-openharmony-arm64@npm:1.12.2"
  conditions: os=openharmony & cpu=arm64
  languageName: node
  linkType: hard

"@unrs/resolver-binding-wasm32-wasi@npm:1.12.2":
  version: 1.12.2
  resolution: "@unrs/resolver-binding-wasm32-wasi@npm:1.12.2"
  dependencies:
    "@emnapi/core": "npm:1.10.0"
    "@emnapi/runtime": "npm:1.10.0"
    "@napi-rs/wasm-runtime": "npm:^1.1.4"
  conditions: cpu=wasm32
  languageName: node
  linkType: hard

"@unrs/resolver-binding-win32-arm64-msvc@npm:1.12.2":
  version: 1.12.2
  resolution: "@unrs/resolver-binding-win32-arm64-msvc@npm:1.12.2"
  conditions: os=win32 & cpu=arm64
  languageName: node
  linkType: hard

"@unrs/resolver-binding-win32-ia32-msvc@npm:1.12.2":
  version: 1.12.2
  resolution: "@unrs/resolver-binding-win32-ia32-msvc@npm:1.12.2"
  conditions: os=win32 & cpu=ia32
  languageName: node
  linkType: hard

"@unrs/resolver-binding-win32-x64-msvc@npm:1.12.2":
  version: 1.12.2
  resolution: "@unrs/resolver-binding-win32-x64-msvc@npm:1.12.2"
  conditions: os=win32 & cpu=x64
  languageName: node
  linkType: hard

"acorn@npm:^8.5.0":
  version: 8.16.0
  resolution: "acorn@npm:8.16.0"
  bin:
    acorn: bin/acorn
  checksum: 10/690c673bb4d61b38ef82795fab58526471ad7f7e67c0e40c4ff1e10ecd80ce5312554ef633c9995bfc4e6d170cef165711f9ca9e49040b62c0c66fbf2dd3df2b
  languageName: node
  linkType: hard

"balanced-match@npm:^4.0.2":
  version: 4.0.4
  resolution: "balanced-match@npm:4.0.4"
  checksum: 10/fb07bb66a0959c2843fc055838047e2a95ccebb837c519614afb067ebfdf2fa967ca8d712c35ced07f2cd26fc6f07964230b094891315ad74f11eba3d53178a0
  languageName: node
  linkType: hard

"brace-expansion@npm:^5.0.5":
  version: 5.0.6
  resolution: "brace-expansion@npm:5.0.6"
  dependencies:
    balanced-match: "npm:^4.0.2"
  checksum: 10/a7acf120fefa79e9d7c9c92898114f57c07596a3920197f3c5917e6a628b04220a5f7f9618c30bdd973a6576a32113b99f9c3f1c8245ccc399dd2a9a718d81d8
  languageName: node
  linkType: hard

"builtin-modules@npm:^3.3.0":
  version: 3.3.0
  resolution: "builtin-modules@npm:3.3.0"
  checksum: 10/62e063ab40c0c1efccbfa9ffa31873e4f9d57408cb396a2649981a0ecbce56aabc93c28feaccbc5658c95aab2703ad1d11980e62ec2e5e72637404e1eb60f39e
  languageName: node
  linkType: hard

"bytes@npm:^3.1.2":
  version: 3.1.2
  resolution: "bytes@npm:3.1.2"
  checksum: 10/a10abf2ba70c784471d6b4f58778c0beeb2b5d405148e66affa91f23a9f13d07603d0a0354667310ae1d6dc141474ffd44e2a074be0f6e2254edb8fc21445388
  languageName: node
  linkType: hard

"change-case@npm:^5.4.4":
  version: 5.4.4
  resolution: "change-case@npm:5.4.4"
  checksum: 10/446e5573f3c854290a91292afef92b957d2e43a928260c91989b482aa860caaa29711b6725fc40c200af68061cbab357b033446d16a17bc5c553636994074e92
  languageName: node
  linkType: hard

"comment-parser@npm:^1.4.1":
  version: 1.4.6
  resolution: "comment-parser@npm:1.4.6"
  checksum: 10/67218f2c5fe5807140e590e7dad4b644c21d4d050d5b84aa43002c18114daf2988678f6b3064f53c32c421576aff18843ff56fd2cddd33d6e0917f355ffd9cc4
  languageName: node
  linkType: hard

"debug@npm:^4.4.1, debug@npm:^4.4.3":
  version: 4.4.3
  resolution: "debug@npm:4.4.3"
  dependencies:
    ms: "npm:^2.1.3"
  peerDependenciesMeta:
    supports-color:
      optional: true
  checksum: 10/9ada3434ea2993800bd9a1e320bd4aa7af69659fb51cca685d390949434bc0a8873c21ed7c9b852af6f2455a55c6d050aa3937d52b3c69f796dab666f762acad
  languageName: node
  linkType: hard

"detect-indent@npm:^7.0.2":
  version: 7.0.2
  resolution: "detect-indent@npm:7.0.2"
  checksum: 10/ef215d1b55a14f677ce03e840973b25362b6f8cd3f566bc82831fa1abb2be6a95423729bc573dc2334b1371ad7be18d9ec67e1a9611b71a04cb6d63f0d8e54cc
  languageName: node
  linkType: hard

"detect-newline@npm:^4.0.1":
  version: 4.0.1
  resolution: "detect-newline@npm:4.0.1"
  checksum: 10/0409ecdfb93419591ccff24fccfe2ddddad29b66637d1ed898872125b25af05014fdeedc9306339577060f69f59fe6e9830cdd80948597f136dfbffefa60599c
  languageName: node
  linkType: hard

"enhanced-resolve@npm:^5.17.1":
  version: 5.21.6
  resolution: "enhanced-resolve@npm:5.21.6"
  dependencies:
    graceful-fs: "npm:^4.2.4"
    tapable: "npm:^2.3.3"
  checksum: 10/7599496622b1718727409bc1944e19ad72492add909a3f9d905bbc9d81bade42b8bece156bfbe30ee8d1bbc8b24abc9d8bf194f4d46173a6adc919e95766753a
  languageName: node
  linkType: hard

"eslint-compat-utils@npm:^0.5.1":
  version: 0.5.1
  resolution: "eslint-compat-utils@npm:0.5.1"
  dependencies:
    semver: "npm:^7.5.4"
  peerDependencies:
    eslint: ">=6.0.0"
  checksum: 10/ac65ac1c6107cf19f63f5fc17cea361c9cb1336be7356f23dbb0fac10979974b4622e13e950be43cbf431801f2c07f7dab448573181ccf6edc0b86d5b5304511
  languageName: node
  linkType: hard

"eslint-config-deepcrawl@workspace:.":
  version: 0.0.0-use.local
  resolution: "eslint-config-deepcrawl@workspace:."
  dependencies:
    "@eslint/js": "npm:^10.0.1"
    eslint-config-prettier: "npm:^10.1.8"
    eslint-import-resolver-typescript: "npm:^4.4.4"
    eslint-plugin-array-func: "npm:^5.1.1"
    eslint-plugin-import-x: "npm:^4.16.2"
    eslint-plugin-jest: "npm:^29.15.2"
    eslint-plugin-n: "npm:^18.0.1"
    eslint-plugin-no-loops: "npm:^0.4.0"
    eslint-plugin-package-json: "npm:^1.1.0"
    eslint-plugin-promise: "npm:^7.3.0"
    eslint-plugin-sonarjs: "npm:^4.0.3"
    jsonc-eslint-parser: "npm:^3.1.0"
    prettier: "npm:3.8.3"
    prettier-plugin-packagejson: "npm:3.0.2"
    typescript-eslint: "npm:^8.59.4"
  peerDependencies:
    eslint: ^10.0.0
    typescript: ">=5.8"
  languageName: unknown
  linkType: soft

"eslint-config-prettier@npm:^10.1.8":
  version: 10.1.8
  resolution: "eslint-config-prettier@npm:10.1.8"
  peerDependencies:
    eslint: ">=7.0.0"
  bin:
    eslint-config-prettier: bin/cli.js
  checksum: 10/03f8e6ea1a6a9b8f9eeaf7c8c52a96499ec4b275b9ded33331a6cc738ed1d56de734097dbd0091f136f0e84bc197388bd8ec22a52a4658105883f8c8b7d8921a
  languageName: node
  linkType: hard

"eslint-fix-utils@npm:~0.4.1":
  version: 0.4.2
  resolution: "eslint-fix-utils@npm:0.4.2"
  peerDependencies:
    "@types/estree": ">=1"
    eslint: ">=8"
  peerDependenciesMeta:
    "@types/estree":
      optional: true
  checksum: 10/192ccabef996b17fc7ad19a6701204f5895534964295f3a569573c7b00a1ae1ad59cf30de2770f2d6e32b04215798633597a024198ddc40ff04e1424beb8ad0f
  languageName: node
  linkType: hard

"eslint-import-context@npm:^0.1.8, eslint-import-context@npm:^0.1.9":
  version: 0.1.9
  resolution: "eslint-import-context@npm:0.1.9"
  dependencies:
    get-tsconfig: "npm:^4.10.1"
    stable-hash-x: "npm:^0.2.0"
  peerDependencies:
    unrs-resolver: ^1.0.0
  peerDependenciesMeta:
    unrs-resolver:
      optional: true
  checksum: 10/f0778126bb3aae57c8c68946c71c4418927e9d39f72099b799d9c47a3b5712d6c9166b63ee8be58a020961dcc9216df09c856b825336af375ccbbdeedfc82a99
  languageName: node
  linkType: hard

"eslint-import-resolver-typescript@npm:^4.4.4":
  version: 4.4.4
  resolution: "eslint-import-resolver-typescript@npm:4.4.4"
  dependencies:
    debug: "npm:^4.4.1"
    eslint-import-context: "npm:^0.1.8"
    get-tsconfig: "npm:^4.10.1"
    is-bun-module: "npm:^2.0.0"
    stable-hash-x: "npm:^0.2.0"
    tinyglobby: "npm:^0.2.14"
    unrs-resolver: "npm:^1.7.11"
  peerDependencies:
    eslint: "*"
    eslint-plugin-import: "*"
    eslint-plugin-import-x: "*"
  peerDependenciesMeta:
    eslint-plugin-import:
      optional: true
    eslint-plugin-import-x:
      optional: true
  checksum: 10/4f871f6d1a04c55c2087c5ff1030f783a29abb59901b354d7ef58a0fc687d379dcbd08cf377cddeb7e19f26dd380d32d85ee4760e9410a059639d2b3df7d1ff3
  languageName: node
  linkType: hard

"eslint-plugin-array-func@npm:^5.1.1":
  version: 5.1.1
  resolution: "eslint-plugin-array-func@npm:5.1.1"
  peerDependencies:
    eslint: ">=8.51.0"
  checksum: 10/315ecf0cbb99ae35d0212b41baa96e8548681e641efa708eaae71025cd1326d916868064a1e98d4c832d6701bc21f1017b627435d62a5a9885b1c73f0a9d491f
  languageName: node
  linkType: hard

"eslint-plugin-es-x@npm:^7.8.0":
  version: 7.8.0
  resolution: "eslint-plugin-es-x@npm:7.8.0"
  dependencies:
    "@eslint-community/eslint-utils": "npm:^4.1.2"
    "@eslint-community/regexpp": "npm:^4.11.0"
    eslint-compat-utils: "npm:^0.5.1"
  peerDependencies:
    eslint: ">=8"
  checksum: 10/1df8d52c4fadc06854ce801af05b05f2642aa2deb918fb7d37738596eabd70b7f21a22b150b78ec9104bac6a1b6b4fb796adea2364ede91b01d20964849ce5f7
  languageName: node
  linkType: hard

"eslint-plugin-import-x@npm:^4.16.2":
  version: 4.16.2
  resolution: "eslint-plugin-import-x@npm:4.16.2"
  dependencies:
    "@package-json/types": "npm:^0.0.12"
    "@typescript-eslint/types": "npm:^8.56.0"
    comment-parser: "npm:^1.4.1"
    debug: "npm:^4.4.1"
    eslint-import-context: "npm:^0.1.9"
    is-glob: "npm:^4.0.3"
    minimatch: "npm:^9.0.3 || ^10.1.2"
    semver: "npm:^7.7.2"
    stable-hash-x: "npm:^0.2.0"
    unrs-resolver: "npm:^1.9.2"
  peerDependencies:
    "@typescript-eslint/utils": ^8.56.0
    eslint: ^8.57.0 || ^9.0.0 || ^10.0.0
    eslint-import-resolver-node: "*"
  peerDependenciesMeta:
    "@typescript-eslint/utils":
      optional: true
    eslint-import-resolver-node:
      optional: true
  checksum: 10/b149ca51ffba102535cddbe37f298ab3704181ea877a00b87d50062e03ad31a86317cf4205ac3ebc6d4e7872953215777ee4a3b0390616937f3adc9a86b86a90
  languageName: node
  linkType: hard

"eslint-plugin-jest@npm:^29.15.2":
  version: 29.15.2
  resolution: "eslint-plugin-jest@npm:29.15.2"
  dependencies:
    "@typescript-eslint/utils": "npm:^8.0.0"
  peerDependencies:
    "@typescript-eslint/eslint-plugin": ^8.0.0
    eslint: ^8.57.0 || ^9.0.0 || ^10.0.0
    jest: "*"
    typescript: ">=4.8.4 <7.0.0"
  peerDependenciesMeta:
    "@typescript-eslint/eslint-plugin":
      optional: true
    jest:
      optional: true
    typescript:
      optional: true
  checksum: 10/c7bc4dc705e5613e51a1d19bb924a439db9897c67e694f091e29dbacaa218b758040aacbb8d3f9136f2af0171ad69c1c49736b5e3f30098bdf44d4c1e93c6381
  languageName: node
  linkType: hard

"eslint-plugin-n@npm:^18.0.1":
  version: 18.0.1
  resolution: "eslint-plugin-n@npm:18.0.1"
  dependencies:
    "@eslint-community/eslint-utils": "npm:^4.5.0"
    enhanced-resolve: "npm:^5.17.1"
    eslint-plugin-es-x: "npm:^7.8.0"
    get-tsconfig: "npm:^4.8.1"
    globals: "npm:^15.11.0"
    globrex: "npm:^0.1.2"
    ignore: "npm:^5.3.2"
    semver: "npm:^7.6.3"
  peerDependencies:
    eslint: ">=8.57.1"
    ts-declaration-location: ^1.0.6
    typescript: ">=5.0.0"
  peerDependenciesMeta:
    ts-declaration-location:
      optional: true
    typescript:
      optional: true
  checksum: 10/8f66992c235eb0dd466b4bce8cb894aaf6661a0b77e73db9181a26c6115fcddba09cb005e26b9e5b769aa3c65b93acede6090ed89083a23f997850ef74f87828
  languageName: node
  linkType: hard

"eslint-plugin-no-loops@npm:^0.4.0":
  version: 0.4.0
  resolution: "eslint-plugin-no-loops@npm:0.4.0"
  peerDependencies:
    eslint: ">=9"
  checksum: 10/8e0e77f20fae6c8f2581bc6cc5523a0c5f5ac7298dfc9e99c639192066a1af1079a290d59e1c0606601caeeb8ef3dd1c0bb371e521f96e4413666f24208c3e75
  languageName: node
  linkType: hard

"eslint-plugin-package-json@npm:^1.1.0":
  version: 1.1.0
  resolution: "eslint-plugin-package-json@npm:1.1.0"
  dependencies:
    "@altano/repository-tools": "npm:^2.0.1"
    change-case: "npm:^5.4.4"
    detect-indent: "npm:^7.0.2"
    detect-newline: "npm:^4.0.1"
    eslint-fix-utils: "npm:~0.4.1"
    jsonc-eslint-parser: "npm:^3.1.0"
    package-json-validator: "npm:^1.5.0"
    semver: "npm:^7.7.3"
    sort-object-keys: "npm:^2.0.0"
    sort-package-json: "npm:^3.4.0"
  peerDependencies:
    eslint: ">=9.0.0"
  checksum: 10/a687cc0ddb733ea51980d6bb0fe14265b4641f273c71dff4cef6a51d4ba6d07c0ca3c0520f13e42e1a0a40dddb607f004ce49d9b4db30969da70617ab944f239
  languageName: node
  linkType: hard

"eslint-plugin-promise@npm:^7.3.0":
  version: 7.3.0
  resolution: "eslint-plugin-promise@npm:7.3.0"
  dependencies:
    "@eslint-community/eslint-utils": "npm:^4.4.0"
  peerDependencies:
    eslint: ^7.0.0 || ^8.0.0 || ^9.0.0 || ^10.0.0
  checksum: 10/9f84fbd033eea686ba3d55c31fade8172a8ea0578b64af1ba22537c05c4bcffac92cc0696325a4adc0f8bad3e65b61e33164b92463be4807235ea0f2f27b93f8
  languageName: node
  linkType: hard

"eslint-plugin-sonarjs@npm:^4.0.3":
  version: 4.0.3
  resolution: "eslint-plugin-sonarjs@npm:4.0.3"
  dependencies:
    "@eslint-community/regexpp": "npm:^4.12.2"
    builtin-modules: "npm:^3.3.0"
    bytes: "npm:^3.1.2"
    functional-red-black-tree: "npm:^1.0.1"
    globals: "npm:^17.4.0"
    jsx-ast-utils-x: "npm:^0.1.0"
    lodash.merge: "npm:^4.6.2"
    minimatch: "npm:^10.2.5"
    scslre: "npm:^0.3.0"
    semver: "npm:^7.7.4"
    ts-api-utils: "npm:^2.5.0"
    typescript: "npm:>=5"
  peerDependencies:
    eslint: ^8.0.0 || ^9.0.0 || ^10.0.0
  checksum: 10/e926116dddc37ede8dd62416893f6fa6523d3d3f7cec0e4345b767570ee4b502357db0f33d4bbac56d1dc11034ee6c35be2adaf174ca789642012c7862f20368
  languageName: node
  linkType: hard

"eslint-visitor-keys@npm:^3.4.3":
  version: 3.4.3
  resolution: "eslint-visitor-keys@npm:3.4.3"
  checksum: 10/3f357c554a9ea794b094a09bd4187e5eacd1bc0d0653c3adeb87962c548e6a1ab8f982b86963ae1337f5d976004146536dcee5d0e2806665b193fbfbf1a9231b
  languageName: node
  linkType: hard

"eslint-visitor-keys@npm:^5.0.0":
  version: 5.0.1
  resolution: "eslint-visitor-keys@npm:5.0.1"
  checksum: 10/f9cc1a57b75e0ef949545cac33d01e8367e302de4c1483266ed4d8646ee5c306376660196bbb38b004e767b7043d1e661cb4336b49eff634a1bbe75c1db709ec
  languageName: node
  linkType: hard

"fdir@npm:^6.5.0":
  version: 6.5.0
  resolution: "fdir@npm:6.5.0"
  peerDependencies:
    picomatch: ^3 || ^4
  peerDependenciesMeta:
    picomatch:
      optional: true
  checksum: 10/14ca1c9f0a0e8f4f2e9bf4e8551065a164a09545dae548c12a18d238b72e51e5a7b39bd8e5494b56463a0877672d0a6c1ef62c6fa0677db1b0c847773be939b1
  languageName: node
  linkType: hard

"functional-red-black-tree@npm:^1.0.1":
  version: 1.0.1
  resolution: "functional-red-black-tree@npm:1.0.1"
  checksum: 10/debe73e92204341d1fa5f89614e44284d3add26dee660722978d8c50829170f87d1c74768f68c251d215ae461c11db7bac13101c77f4146ff051da75466f7a12
  languageName: node
  linkType: hard

"get-tsconfig@npm:^4.10.1, get-tsconfig@npm:^4.8.1":
  version: 4.14.0
  resolution: "get-tsconfig@npm:4.14.0"
  dependencies:
    resolve-pkg-maps: "npm:^1.0.0"
  checksum: 10/f5626971905ca386c9ddeb302504e8a2301b9c05641803267223ebd50b7c81aaf9324d29cf9f4e4ff3f245632c3392aa83719dc6cb3e98b4e4a1702a27c5cc5d
  languageName: node
  linkType: hard

"git-hooks-list@npm:^4.1.1":
  version: 4.2.1
  resolution: "git-hooks-list@npm:4.2.1"
  checksum: 10/39449520045539c03b1d45d3a010424849152d6f723b638c6f19cb8c8b0993bb30ed5ef09653f4d1c1356f5fb51a396059096d8bdfcb6ca7ccb54f6e26efc338
  languageName: node
  linkType: hard

"globals@npm:^15.11.0":
  version: 15.15.0
  resolution: "globals@npm:15.15.0"
  checksum: 10/7f561c87b2fd381b27fc2db7df8a4ea7a9bb378667b8a7193e61fd2ca3a876479174e2a303a74345fbea6e1242e16db48915c1fd3bf35adcf4060a795b425e18
  languageName: node
  linkType: hard

"globals@npm:^17.4.0":
  version: 17.6.0
  resolution: "globals@npm:17.6.0"
  checksum: 10/2bf0febf31c942edee6f4eca7e939a9c885f8ecfb767048b1c4dd2a32008d0ab136e6076665d76b44b29c2571bbbc1681371caab05fd8ee0067c7618e841b89d
  languageName: node
  linkType: hard

"globrex@npm:^0.1.2":
  version: 0.1.2
  resolution: "globrex@npm:0.1.2"
  checksum: 10/81ce62ee6f800d823d6b7da7687f841676d60ee8f51f934ddd862e4057316d26665c4edc0358d4340a923ac00a514f8b67c787e28fe693aae16350f4e60d55e9
  languageName: node
  linkType: hard

"graceful-fs@npm:^4.2.4":
  version: 4.2.11
  resolution: "graceful-fs@npm:4.2.11"
  checksum: 10/bf152d0ed1dc159239db1ba1f74fdbc40cb02f626770dcd5815c427ce0688c2635a06ed69af364396da4636d0408fcf7d4afdf7881724c3307e46aff30ca49e2
  languageName: node
  linkType: hard

"hosted-git-info@npm:^9.0.0":
  version: 9.0.3
  resolution: "hosted-git-info@npm:9.0.3"
  dependencies:
    lru-cache: "npm:^11.1.0"
  checksum: 10/c5683d03a57a691c60973eb7f6e6b83e0d70903df7e8e032c9a4673fb9c70c6df70cdcd0f3bf796426c75973a3251c39b0755510ff1ec2a704239668ef1881cc
  languageName: node
  linkType: hard

"ignore@npm:^5.3.2":
  version: 5.3.2
  resolution: "ignore@npm:5.3.2"
  checksum: 10/cceb6a457000f8f6a50e1196429750d782afce5680dd878aa4221bd79972d68b3a55b4b1458fc682be978f4d3c6a249046aa0880637367216444ab7b014cfc98
  languageName: node
  linkType: hard

"ignore@npm:^7.0.5":
  version: 7.0.5
  resolution: "ignore@npm:7.0.5"
  checksum: 10/f134b96a4de0af419196f52c529d5c6120c4456ff8a6b5a14ceaaa399f883e15d58d2ce651c9b69b9388491d4669dda47285d307e827de9304a53a1824801bc6
  languageName: node
  linkType: hard

"is-bun-module@npm:^2.0.0":
  version: 2.0.0
  resolution: "is-bun-module@npm:2.0.0"
  dependencies:
    semver: "npm:^7.7.1"
  checksum: 10/cded5a1a58368b847872d08617975d620ad94426d76a932f3e08d55b4574d199e0a62a4fb024fa2dc444200b71719eb0bffc5d3d1e1cc82e29b293bb8d66a990
  languageName: node
  linkType: hard

"is-extglob@npm:^2.1.1":
  version: 2.1.1
  resolution: "is-extglob@npm:2.1.1"
  checksum: 10/df033653d06d0eb567461e58a7a8c9f940bd8c22274b94bf7671ab36df5719791aae15eef6d83bbb5e23283967f2f984b8914559d4449efda578c775c4be6f85
  languageName: node
  linkType: hard

"is-glob@npm:^4.0.3":
  version: 4.0.3
  resolution: "is-glob@npm:4.0.3"
  dependencies:
    is-extglob: "npm:^2.1.1"
  checksum: 10/3ed74f2b0cdf4f401f38edb0442ddfde3092d79d7d35c9919c86641efdbcbb32e45aa3c0f70ce5eecc946896cd5a0f26e4188b9f2b881876f7cb6c505b82da11
  languageName: node
  linkType: hard

"is-plain-obj@npm:^4.1.0":
  version: 4.1.0
  resolution: "is-plain-obj@npm:4.1.0"
  checksum: 10/6dc45da70d04a81f35c9310971e78a6a3c7a63547ef782e3a07ee3674695081b6ca4e977fbb8efc48dae3375e0b34558d2bcd722aec9bddfa2d7db5b041be8ce
  languageName: node
  linkType: hard

"jsonc-eslint-parser@npm:^3.1.0":
  version: 3.1.0
  resolution: "jsonc-eslint-parser@npm:3.1.0"
  dependencies:
    acorn: "npm:^8.5.0"
    eslint-visitor-keys: "npm:^5.0.0"
    semver: "npm:^7.3.5"
  checksum: 10/ed7fa186786e042f05e51325df7409c6accc73cc567ccedb2546fd0ccb769dd076ddc3fd9add0c302278cfe6161bdc9880bff5b02a7194c51ec5f53723439544
  languageName: node
  linkType: hard

"jsx-ast-utils-x@npm:^0.1.0":
  version: 0.1.0
  resolution: "jsx-ast-utils-x@npm:0.1.0"
  checksum: 10/ca28d2f2c9cf7e1c971f4a21d1f73197bb528659a9da50ab84065cdeedad422dacdf835e83cbc4264da4d84d41303f0c8fcca78d430d3fdbf22e10b7c7bf4724
  languageName: node
  linkType: hard

"lodash.merge@npm:^4.6.2":
  version: 4.6.2
  resolution: "lodash.merge@npm:4.6.2"
  checksum: 10/d0ea2dd0097e6201be083865d50c3fb54fbfbdb247d9cc5950e086c991f448b7ab0cdab0d57eacccb43473d3f2acd21e134db39f22dac2d6c9ba6bf26978e3d6
  languageName: node
  linkType: hard

"lru-cache@npm:^11.1.0":
  version: 11.5.0
  resolution: "lru-cache@npm:11.5.0"
  checksum: 10/c02af3d6e5e5baff9b52ed1a0850dc97e21a2554308c0feab5663873f9b395ea66b2767ead6e347542c08ab89b04aadb92884eddbcd14d975505687530df99e8
  languageName: node
  linkType: hard

"minimatch@npm:^10.2.2, minimatch@npm:^10.2.5, minimatch@npm:^9.0.3 || ^10.1.2":
  version: 10.2.5
  resolution: "minimatch@npm:10.2.5"
  dependencies:
    brace-expansion: "npm:^5.0.5"
  checksum: 10/19e87a931aff60ee7b9d80f39f817b8bfc54f61f8356ee3549fbf636dbccacacfec8d803eac73293955c4527cd085247dfc064bce4a5e349f8f3b85e2bf5da0f
  languageName: node
  linkType: hard

"ms@npm:^2.1.3":
  version: 2.1.3
  resolution: "ms@npm:2.1.3"
  checksum: 10/aa92de608021b242401676e35cfa5aa42dd70cbdc082b916da7fb925c542173e36bce97ea3e804923fe92c0ad991434e4a38327e15a1b5b5f945d66df615ae6d
  languageName: node
  linkType: hard

"napi-postinstall@npm:^0.3.4":
  version: 0.3.4
  resolution: "napi-postinstall@npm:0.3.4"
  bin:
    napi-postinstall: lib/cli.js
  checksum: 10/5541381508f9e1051ff3518701c7130ebac779abb3a1ffe9391fcc3cab4cc0569b0ba0952357db3f6b12909c3bb508359a7a60261ffd795feebbdab967175832
  languageName: node
  linkType: hard

"natural-compare@npm:^1.4.0":
  version: 1.4.0
  resolution: "natural-compare@npm:1.4.0"
  checksum: 10/23ad088b08f898fc9b53011d7bb78ec48e79de7627e01ab5518e806033861bef68d5b0cd0e2205c2f36690ac9571ff6bcb05eb777ced2eeda8d4ac5b44592c3d
  languageName: node
  linkType: hard

"npm-package-arg@npm:^13.0.2":
  version: 13.0.2
  resolution: "npm-package-arg@npm:13.0.2"
  dependencies:
    hosted-git-info: "npm:^9.0.0"
    proc-log: "npm:^6.0.0"
    semver: "npm:^7.3.5"
    validate-npm-package-name: "npm:^7.0.0"
  checksum: 10/810868f4b8c666fc1979f33c5b45606f541be97e82958af486e8d3f5ff2c91f96cea56f22c4665a92dc9a23698cf831cba2e09691387d473f910f9e6590638b3
  languageName: node
  linkType: hard

"package-json-validator@npm:^1.5.0":
  version: 1.5.1
  resolution: "package-json-validator@npm:1.5.1"
  dependencies:
    npm-package-arg: "npm:^13.0.2"
    semver: "npm:^7.7.2"
    validate-npm-package-license: "npm:^3.0.4"
    validate-npm-package-name: "npm:^7.0.0"
  checksum: 10/069471cc692727b921a688c92b78daebcd441633ede671c2d44143604f326f57b2413ada3cb5eb135f273a373f2dbd3878adf2b3f21dad6080a892692b6ec4ad
  languageName: node
  linkType: hard

"picomatch@npm:^4.0.4":
  version: 4.0.4
  resolution: "picomatch@npm:4.0.4"
  checksum: 10/f6ef80a3590827ce20378ae110ac78209cc4f74d39236370f1780f957b7ee41c12acde0e4651b90f39983506fd2f5e449994716f516db2e9752924aff8de93ce
  languageName: node
  linkType: hard

"prettier-plugin-packagejson@npm:3.0.2":
  version: 3.0.2
  resolution: "prettier-plugin-packagejson@npm:3.0.2"
  dependencies:
    sort-package-json: "npm:^3.6.0"
  peerDependencies:
    prettier: ^3
  peerDependenciesMeta:
    prettier:
      optional: true
  checksum: 10/45693ad53ab4b5d3f2d61f50194f110dfa31972c82b1c3f81988a03c373e2b8431ea9d773086aeb854115587b39a0525979adcafaad8b931aa753c5adb745409
  languageName: node
  linkType: hard

"prettier@npm:3.8.3":
  version: 3.8.3
  resolution: "prettier@npm:3.8.3"
  bin:
    prettier: bin/prettier.cjs
  checksum: 10/4b3b12cbb29e4c96bed936e5d070167552500c18d37676fb3e0caae6199c42860662608e4dc116230698f6e2bb0267ef2548158224c92d40f188d309d72fdd6f
  languageName: node
  linkType: hard

"proc-log@npm:^6.0.0":
  version: 6.1.0
  resolution: "proc-log@npm:6.1.0"
  checksum: 10/9033f30f168ed5a0991b773d0c50ff88384c4738e9a0a67d341de36bf7293771eed648ab6a0562f62276da12fde91f3bbfc75ffff6e71ad49aafd74fc646be66
  languageName: node
  linkType: hard

"refa@npm:^0.12.0, refa@npm:^0.12.1":
  version: 0.12.1
  resolution: "refa@npm:0.12.1"
  dependencies:
    "@eslint-community/regexpp": "npm:^4.8.0"
  checksum: 10/b89411434e31637a519c065acd8fd1ec9eabc1dec38eec58dbc69a386ec21d88f97fa175e56fb3133e21c090ddb68fe7b5653ffc4bbcc9f069abc0e88c0d290c
  languageName: node
  linkType: hard

"regexp-ast-analysis@npm:^0.7.0":
  version: 0.7.1
  resolution: "regexp-ast-analysis@npm:0.7.1"
  dependencies:
    "@eslint-community/regexpp": "npm:^4.8.0"
    refa: "npm:^0.12.1"
  checksum: 10/92299636d9c941ee27db7568a775354d36024504c104c5d7981a89dda1b0ff1e2a56db16f92d7e166a50a1164593788c0849c5840ec9d79b39c1c040d59c442c
  languageName: node
  linkType: hard

"resolve-pkg-maps@npm:^1.0.0":
  version: 1.0.0
  resolution: "resolve-pkg-maps@npm:1.0.0"
  checksum: 10/0763150adf303040c304009231314d1e84c6e5ebfa2d82b7d94e96a6e82bacd1dcc0b58ae257315f3c8adb89a91d8d0f12928241cba2df1680fbe6f60bf99b0e
  languageName: node
  linkType: hard

"scslre@npm:^0.3.0":
  version: 0.3.0
  resolution: "scslre@npm:0.3.0"
  dependencies:
    "@eslint-community/regexpp": "npm:^4.8.0"
    refa: "npm:^0.12.0"
    regexp-ast-analysis: "npm:^0.7.0"
  checksum: 10/164ec9b9a9d819838240b1df613b6c60ae00c69c4472264f354a191f73b538c064d43c0ac3accf89f5c05880ddab33846077b0cda3ad383701623d468960c005
  languageName: node
  linkType: hard

"semver@npm:^7.3.5, semver@npm:^7.5.4, semver@npm:^7.6.3, semver@npm:^7.7.1, semver@npm:^7.7.2, semver@npm:^7.7.3, semver@npm:^7.7.4":
  version: 7.8.0
  resolution: "semver@npm:7.8.0"
  bin:
    semver: bin/semver.js
  checksum: 10/039a8f68a581c03c1ac17c990316da57a79a93af9b109b712739c50cd4d464079f7e3fee31c008b472e390c7ba48a11ed2b86e91d8602bf06059d4a266db1426
  languageName: node
  linkType: hard

"sort-object-keys@npm:^2.0.0, sort-object-keys@npm:^2.0.1":
  version: 2.1.0
  resolution: "sort-object-keys@npm:2.1.0"
  checksum: 10/a0a18a6f4ab601adb889204a83e2664a4810042dd9680e588cabb47fffd40473939ce3fda5a28fdb58bac0762a7b45ad442815465b978d4b243bab840df3d7cd
  languageName: node
  linkType: hard

"sort-package-json@npm:^3.4.0, sort-package-json@npm:^3.6.0":
  version: 3.6.1
  resolution: "sort-package-json@npm:3.6.1"
  dependencies:
    detect-indent: "npm:^7.0.2"
    detect-newline: "npm:^4.0.1"
    git-hooks-list: "npm:^4.1.1"
    is-plain-obj: "npm:^4.1.0"
    semver: "npm:^7.7.3"
    sort-object-keys: "npm:^2.0.1"
    tinyglobby: "npm:^0.2.15"
  bin:
    sort-package-json: cli.js
  checksum: 10/e4bcf8432b570143e94b6b302fc941fd0b564e8f9f423bc55ae469c81e6f84c35e456f024d8d186a2ec6ca120407444e6ceb5a5f0feb7c877c159ef716f651ed
  languageName: node
  linkType: hard

"spdx-correct@npm:^3.0.0":
  version: 3.2.0
  resolution: "spdx-correct@npm:3.2.0"
  dependencies:
    spdx-expression-parse: "npm:^3.0.0"
    spdx-license-ids: "npm:^3.0.0"
  checksum: 10/cc2e4dbef822f6d12142116557d63f5facf3300e92a6bd24e907e4865e17b7e1abd0ee6b67f305cae6790fc2194175a24dc394bfcc01eea84e2bdad728e9ae9a
  languageName: node
  linkType: hard

"spdx-exceptions@npm:^2.1.0":
  version: 2.5.0
  resolution: "spdx-exceptions@npm:2.5.0"
  checksum: 10/bb127d6e2532de65b912f7c99fc66097cdea7d64c10d3ec9b5e96524dbbd7d20e01cba818a6ddb2ae75e62bb0c63d5e277a7e555a85cbc8ab40044984fa4ae15
  languageName: node
  linkType: hard

"spdx-expression-parse@npm:^3.0.0":
  version: 3.0.1
  resolution: "spdx-expression-parse@npm:3.0.1"
  dependencies:
    spdx-exceptions: "npm:^2.1.0"
    spdx-license-ids: "npm:^3.0.0"
  checksum: 10/a1c6e104a2cbada7a593eaa9f430bd5e148ef5290d4c0409899855ce8b1c39652bcc88a725259491a82601159d6dc790bedefc9016c7472f7de8de7361f8ccde
  languageName: node
  linkType: hard

"spdx-license-ids@npm:^3.0.0":
  version: 3.0.23
  resolution: "spdx-license-ids@npm:3.0.23"
  checksum: 10/fead6be44478e4dd73a0721ae569f4a04f358846d8d82e8d92efae64aca928592e380cf17e8b84c25c948f3a7d8a0b4fc781a1830f3911ca87d52733265176b5
  languageName: node
  linkType: hard

"stable-hash-x@npm:^0.2.0":
  version: 0.2.0
  resolution: "stable-hash-x@npm:0.2.0"
  checksum: 10/136f05d0e4d441876012b423541476ff5b695c93b56d1959560be858b9e324ea6de6c16ecbd735a040ee8396427dd867bed0bf90b2cdb1fc422566747b91a0e5
  languageName: node
  linkType: hard

"tapable@npm:^2.3.3":
  version: 2.3.3
  resolution: "tapable@npm:2.3.3"
  checksum: 10/21fb64a7ae1a0e11d855a6c33a22ae5ecf7e2f23170c942da673b44bf4c3aae8aa52451ef2792d0ce36c7feca13dceafa4f135105d66fc06912632488c0913fd
  languageName: node
  linkType: hard

"tinyglobby@npm:^0.2.14, tinyglobby@npm:^0.2.15":
  version: 0.2.16
  resolution: "tinyglobby@npm:0.2.16"
  dependencies:
    fdir: "npm:^6.5.0"
    picomatch: "npm:^4.0.4"
  checksum: 10/5c2c41b572ada38449e7c86a5fe034f204a1dbba577225a761a14f29f48dc3f2fc0d81a6c56fcc67c5a742cc3aa9fb5e2ca18dbf22b610b0bc0e549b34d5a0f8
  languageName: node
  linkType: hard

"ts-api-utils@npm:^2.5.0":
  version: 2.5.0
  resolution: "ts-api-utils@npm:2.5.0"
  peerDependencies:
    typescript: ">=4.8.4"
  checksum: 10/d5f1936f5618c6ab6942a97b78802217540ced00e7501862ae1f578d9a3aa189fc06050e64cb8951d21f7088e5fd35f53d2bf0d0370a883861c7b05e993ebc44
  languageName: node
  linkType: hard

"tslib@npm:^2.4.0":
  version: 2.8.1
  resolution: "tslib@npm:2.8.1"
  checksum: 10/3e2e043d5c2316461cb54e5c7fe02c30ef6dccb3384717ca22ae5c6b5bc95232a6241df19c622d9c73b809bea33b187f6dbc73030963e29950c2141bc32a79f7
  languageName: node
  linkType: hard

"typescript-eslint@npm:^8.59.4":
  version: 8.59.4
  resolution: "typescript-eslint@npm:8.59.4"
  dependencies:
    "@typescript-eslint/eslint-plugin": "npm:8.59.4"
    "@typescript-eslint/parser": "npm:8.59.4"
    "@typescript-eslint/typescript-estree": "npm:8.59.4"
    "@typescript-eslint/utils": "npm:8.59.4"
  peerDependencies:
    eslint: ^8.57.0 || ^9.0.0 || ^10.0.0
    typescript: ">=4.8.4 <6.1.0"
  checksum: 10/f065a4ae6abfad6af0a09de7052315cd8fa97a2e8ff0985aa8ad6ba0e059a662ef3b22751fbf58302de634b712a7d019f10f488d8e43b0510842a4f6460e57f4
  languageName: node
  linkType: hard

"typescript@npm:>=5":
  version: 6.0.3
  resolution: "typescript@npm:6.0.3"
  bin:
    tsc: bin/tsc
    tsserver: bin/tsserver
  checksum: 10/0ef2357a4cffd916b52b683a021cdab0f81eea4e9aa35f2d254581c9a5106da02224e3392e1b0ed42b7a48f80c966e5f52b8e1a27941fa0523c1705a9c2e0330
  languageName: node
  linkType: hard

"typescript@patch:typescript@npm%3A>=5#optional!builtin<compat/typescript>":
  version: 6.0.3
  resolution: "typescript@patch:typescript@npm%3A6.0.3#optional!builtin<compat/typescript>::version=6.0.3&hash=5786d5"
  bin:
    tsc: bin/tsc
    tsserver: bin/tsserver
  checksum: 10/22b67a18dafedf9b1468b64ca20d9aa02ea61d449b65413d8aa6552aeb63f52ef369e86beb25b6b4c91a803d9726ee5c196f391a9b64201263263410a4223ee6
  languageName: node
  linkType: hard

"unrs-resolver@npm:^1.7.11, unrs-resolver@npm:^1.9.2":
  version: 1.12.2
  resolution: "unrs-resolver@npm:1.12.2"
  dependencies:
    "@unrs/resolver-binding-android-arm-eabi": "npm:1.12.2"
    "@unrs/resolver-binding-android-arm64": "npm:1.12.2"
    "@unrs/resolver-binding-darwin-arm64": "npm:1.12.2"
    "@unrs/resolver-binding-darwin-x64": "npm:1.12.2"
    "@unrs/resolver-binding-freebsd-x64": "npm:1.12.2"
    "@unrs/resolver-binding-linux-arm-gnueabihf": "npm:1.12.2"
    "@unrs/resolver-binding-linux-arm-musleabihf": "npm:1.12.2"
    "@unrs/resolver-binding-linux-arm64-gnu": "npm:1.12.2"
    "@unrs/resolver-binding-linux-arm64-musl": "npm:1.12.2"
    "@unrs/resolver-binding-linux-loong64-gnu": "npm:1.12.2"
    "@unrs/resolver-binding-linux-loong64-musl": "npm:1.12.2"
    "@unrs/resolver-binding-linux-ppc64-gnu": "npm:1.12.2"
    "@unrs/resolver-binding-linux-riscv64-gnu": "npm:1.12.2"
    "@unrs/resolver-binding-linux-riscv64-musl": "npm:1.12.2"
    "@unrs/resolver-binding-linux-s390x-gnu": "npm:1.12.2"
    "@unrs/resolver-binding-linux-x64-gnu": "npm:1.12.2"
    "@unrs/resolver-binding-linux-x64-musl": "npm:1.12.2"
    "@unrs/resolver-binding-openharmony-arm64": "npm:1.12.2"
    "@unrs/resolver-binding-wasm32-wasi": "npm:1.12.2"
    "@unrs/resolver-binding-win32-arm64-msvc": "npm:1.12.2"
    "@unrs/resolver-binding-win32-ia32-msvc": "npm:1.12.2"
    "@unrs/resolver-binding-win32-x64-msvc": "npm:1.12.2"
    napi-postinstall: "npm:^0.3.4"
  dependenciesMeta:
    "@unrs/resolver-binding-android-arm-eabi":
      optional: true
    "@unrs/resolver-binding-android-arm64":
      optional: true
    "@unrs/resolver-binding-darwin-arm64":
      optional: true
    "@unrs/resolver-binding-darwin-x64":
      optional: true
    "@unrs/resolver-binding-freebsd-x64":
      optional: true
    "@unrs/resolver-binding-linux-arm-gnueabihf":
      optional: true
    "@unrs/resolver-binding-linux-arm-musleabihf":
      optional: true
    "@unrs/resolver-binding-linux-arm64-gnu":
      optional: true
    "@unrs/resolver-binding-linux-arm64-musl":
      optional: true
    "@unrs/resolver-binding-linux-loong64-gnu":
      optional: true
    "@unrs/resolver-binding-linux-loong64-musl":
      optional: true
    "@unrs/resolver-binding-linux-ppc64-gnu":
      optional: true
    "@unrs/resolver-binding-linux-riscv64-gnu":
      optional: true
    "@unrs/resolver-binding-linux-riscv64-musl":
      optional: true
    "@unrs/resolver-binding-linux-s390x-gnu":
      optional: true
    "@unrs/resolver-binding-linux-x64-gnu":
      optional: true
    "@unrs/resolver-binding-linux-x64-musl":
      optional: true
    "@unrs/resolver-binding-openharmony-arm64":
      optional: true
    "@unrs/resolver-binding-wasm32-wasi":
      optional: true
    "@unrs/resolver-binding-win32-arm64-msvc":
      optional: true
    "@unrs/resolver-binding-win32-ia32-msvc":
      optional: true
    "@unrs/resolver-binding-win32-x64-msvc":
      optional: true
  checksum: 10/ef2fc38e7a7c5e0cad9a5fb3a70abead3c8073955b444908f35a55f54ced1c08433324220810b04d9ef5adeff62982ade136793dcde8297505ca3556ee0bbb82
  languageName: node
  linkType: hard

"validate-npm-package-license@npm:^3.0.4":
  version: 3.0.4
  resolution: "validate-npm-package-license@npm:3.0.4"
  dependencies:
    spdx-correct: "npm:^3.0.0"
    spdx-expression-parse: "npm:^3.0.0"
  checksum: 10/86242519b2538bb8aeb12330edebb61b4eb37fd35ef65220ab0b03a26c0592c1c8a7300d32da3cde5abd08d18d95e8dabfad684b5116336f6de9e6f207eec224
  languageName: node
  linkType: hard

"validate-npm-package-name@npm:^7.0.0":
  version: 7.0.2
  resolution: "validate-npm-package-name@npm:7.0.2"
  checksum: 10/2a9bdc6fd5e4284c8e02279446bfd3c38c0c01222555fd3b00b4765d9d47b217d4a200910be71b80b958f6baf40d2d32e812a8632633a2ce376a9b3b74811072
  languageName: node
  linkType: hard
